
Microsoft Visual Studio Solution File, Format Version 12.00
# Visual Studio Version 17
VisualStudioVersion = 17.11.35312.102
MinimumVisualStudioVersion = 10.0.40219.1
Project("{FAE04EC0-301F-11D3-BF4B-00C04F79EFBC}") = "sredniyroven123", "sredniyroven123\sredniyroven123.csproj", "{193E6953-62E1-4DAB-8B2E-9709579E6588}"
EndProject
Global
	GlobalSection(SolutionConfigurationPlatforms) = preSolution
		Debug|Any CPU = Debug|Any CPU
		Release|Any CPU = Release|Any CPU
	EndGlobalSection
	GlobalSection(ProjectConfigurationPlatforms) = postSolution
		{193E6953-62E1-4DAB-8B2E-9709579E6588}.Debug|Any CPU.ActiveCfg = Debug|Any CPU
		{193E6953-62E1-4DAB-8B2E-9709579E6588}.Debug|Any CPU.Build.0 = Debug|Any CPU
		{193E6953-62E1-4DAB-8B2E-9709579E6588}.Release|Any CPU.ActiveCfg = Release|Any CPU
		{193E6953-62E1-4DAB-8B2E-9709579E6588}.Release|Any CPU.Build.0 = Release|Any CPU
	EndGlobalSection
	GlobalSection(SolutionProperties) = preSolution
		HideSolutionNode = FALSE
	EndGlobalSection
	GlobalSection(ExtensibilityGlobals) = postSolution
		SolutionGuid = {5FD7CB2F-E062-448D-B451-75D70E8463FE}
	EndGlobalSection
EndGlobal
